
Microsoft Visual Studio Solution File, Format Version 12.00
# Visual Studio 15
VisualStudioVersion = 15.0.28307.438
MinimumVisualStudioVersion = 10.0.40219.1
Project("{2150E333-8FDC-42A3-9474-1A3956D46DE8}") = "DAL", "DAL", "{50F7E0D0-F64B-44FD-AF48-A09EB784AE9F}"
EndProject
Project("{9A19103F-16F7-4668-BE54-9A1E7A4F7556}") = "DTO", "DAL\DTO\DTO.csproj", "{60105B84-418F-479C-BB13-3F0AEC7EB91B}"
EndProject
Project("{FAE04EC0-301F-11D3-BF4B-00C04F79EFBC}") = "DataStorage", "DAL\DataStorage\DataStorage.csproj", "{9A82D946-2645-4586-B87B-0E12E9677A5F}"
EndProject
Project("{FAE04EC0-301F-11D3-BF4B-00C04F79EFBC}") = "Client", "Client\Client.csproj", "{56EDD534-2617-47E4-8D8C-9A7DE624BB00}"
EndProject
Project("{9A19103F-16F7-4668-BE54-9A1E7A4F7556}") = "Domain", "Domain\Domain.csproj", "{CCF15E1D-A350-497D-9D14-74042895A7FD}"
EndProject
Project("{FAE04EC0-301F-11D3-BF4B-00C04F79EFBC}") = "WebService", "WebService\WebService.csproj", "{B2DDACD7-8C2B-4CB2-B8A5-FD0D169A8947}"
EndProject
Project("{9A19103F-16F7-4668-BE54-9A1E7A4F7556}") = "Common", "Common\Common.csproj", "{11D62D46-7456-4DCC-B3E2-E076D57E05A3}"
EndProject
Global
	GlobalSection(SolutionConfigurationPlatforms) = preSolution
		Debug|Any CPU = Debug|Any CPU
		Release|Any CPU = Release|Any CPU
	EndGlobalSection
	GlobalSection(ProjectConfigurationPlatforms) = postSolution
		{60105B84-418F-479C-BB13-3F0AEC7EB91B}.Debug|Any CPU.ActiveCfg = Debug|Any CPU
		{60105B84-418F-479C-BB13-3F0AEC7EB91B}.Debug|Any CPU.Build.0 = Debug|Any CPU
		{60105B84-418F-479C-BB13-3F0AEC7EB91B}.Release|Any CPU.ActiveCfg = Release|Any CPU
		{60105B84-418F-479C-BB13-3F0AEC7EB91B}.Release|Any CPU.Build.0 = Release|Any CPU
		{9A82D946-2645-4586-B87B-0E12E9677A5F}.Debug|Any CPU.ActiveCfg = Debug|Any CPU
		{9A82D946-2645-4586-B87B-0E12E9677A5F}.Debug|Any CPU.Build.0 = Debug|Any CPU
		{9A82D946-2645-4586-B87B-0E12E9677A5F}.Release|Any CPU.ActiveCfg = Release|Any CPU
		{9A82D946-2645-4586-B87B-0E12E9677A5F}.Release|Any CPU.Build.0 = Release|Any CPU
		{56EDD534-2617-47E4-8D8C-9A7DE624BB00}.Debug|Any CPU.ActiveCfg = Debug|Any CPU
		{56EDD534-2617-47E4-8D8C-9A7DE624BB00}.Debug|Any CPU.Build.0 = Debug|Any CPU
		{56EDD534-2617-47E4-8D8C-9A7DE624BB00}.Release|Any CPU.ActiveCfg = Release|Any CPU
		{56EDD534-2617-47E4-8D8C-9A7DE624BB00}.Release|Any CPU.Build.0 = Release|Any CPU
		{CCF15E1D-A350-497D-9D14-74042895A7FD}.Debug|Any CPU.ActiveCfg = Debug|Any CPU
		{CCF15E1D-A350-497D-9D14-74042895A7FD}.Debug|Any CPU.Build.0 = Debug|Any CPU
		{CCF15E1D-A350-497D-9D14-74042895A7FD}.Release|Any CPU.ActiveCfg = Release|Any CPU
		{CCF15E1D-A350-497D-9D14-74042895A7FD}.Release|Any CPU.Build.0 = Release|Any CPU
		{B2DDACD7-8C2B-4CB2-B8A5-FD0D169A8947}.Debug|Any CPU.ActiveCfg = Debug|Any CPU
		{B2DDACD7-8C2B-4CB2-B8A5-FD0D169A8947}.Debug|Any CPU.Build.0 = Debug|Any CPU
		{B2DDACD7-8C2B-4CB2-B8A5-FD0D169A8947}.Release|Any CPU.ActiveCfg = Release|Any CPU
		{B2DDACD7-8C2B-4CB2-B8A5-FD0D169A8947}.Release|Any CPU.Build.0 = Release|Any CPU
		{11D62D46-7456-4DCC-B3E2-E076D57E05A3}.Debug|Any CPU.ActiveCfg = Debug|Any CPU
		{11D62D46-7456-4DCC-B3E2-E076D57E05A3}.Debug|Any CPU.Build.0 = Debug|Any CPU
		{11D62D46-7456-4DCC-B3E2-E076D57E05A3}.Release|Any CPU.ActiveCfg = Release|Any CPU
		{11D62D46-7456-4DCC-B3E2-E076D57E05A3}.Release|Any CPU.Build.0 = Release|Any CPU
	EndGlobalSection
	GlobalSection(SolutionProperties) = preSolution
		HideSolutionNode = FALSE
	EndGlobalSection
	GlobalSection(NestedProjects) = preSolution
		{60105B84-418F-479C-BB13-3F0AEC7EB91B} = {50F7E0D0-F64B-44FD-AF48-A09EB784AE9F}
		{9A82D946-2645-4586-B87B-0E12E9677A5F} = {50F7E0D0-F64B-44FD-AF48-A09EB784AE9F}
	EndGlobalSection
	GlobalSection(ExtensibilityGlobals) = postSolution
		SolutionGuid = {7F3AF6EF-0640-455C-8C40-F9DAAC55C5AE}
	EndGlobalSection
	GlobalSection(TeamFoundationVersionControl) = preSolution
		SccNumberOfProjects = 6
		SccEnterpriseProvider = {4CA58AB2-18FA-4F8D-95D4-32DDF27D184C}
		SccTeamFoundationServer = https://dev.azure.com/vacourse4
		SccLocalPath0 = .
		SccProjectUniqueName1 = DAL\\DTO\\DTO.csproj
		SccProjectTopLevelParentUniqueName1 = OnlineCheckers.sln
		SccProjectName1 = DAL/DTO
		SccLocalPath1 = DAL\\DTO
		SccProjectUniqueName2 = DAL\\DataStorage\\DataStorage.csproj
		SccProjectTopLevelParentUniqueName2 = OnlineCheckers.sln
		SccProjectName2 = DAL/DataStorage
		SccLocalPath2 = DAL\\DataStorage
		SccProjectUniqueName3 = Client\\Client.csproj
		SccProjectName3 = Client
		SccLocalPath3 = Client
		SccProjectUniqueName4 = Common\\Common.csproj
		SccProjectName4 = Common
		SccLocalPath4 = Common
		SccProjectUniqueName5 = Domain\\Domain.csproj
		SccProjectName5 = Domain
		SccLocalPath5 = Domain
	EndGlobalSection
EndGlobal
